
Microsoft Visual Studio Solution File, Format Version 12.00
# Visual Studio Version 17
VisualStudioVersion = 17.5.33516.290
MinimumVisualStudioVersion = 10.0.40219.1
Project("{FAE04EC0-301F-11D3-BF4B-00C04F79EFBC}") = "Mandelbrot_Chaos_graph", "Mandelbrot_Chaos_graph.csproj", "{7F82FFBF-332C-4803-A3AA-566A28ED1EAE}"
EndProject
Global
	GlobalSection(SolutionConfigurationPlatforms) = preSolution
		Debug|Any CPU = Debug|Any CPU
		Release|Any CPU = Release|Any CPU
	EndGlobalSection
	GlobalSection(ProjectConfigurationPlatforms) = postSolution
		{7F82FFBF-332C-4803-A3AA-566A28ED1EAE}.Debug|Any CPU.ActiveCfg = Debug|Any CPU
		{7F82FFBF-332C-4803-A3AA-566A28ED1EAE}.Debug|Any CPU.Build.0 = Debug|Any CPU
		{7F82FFBF-332C-4803-A3AA-566A28ED1EAE}.Release|Any CPU.ActiveCfg = Release|Any CPU
		{7F82FFBF-332C-4803-A3AA-566A28ED1EAE}.Release|Any CPU.Build.0 = Release|Any CPU
	EndGlobalSection
	GlobalSection(SolutionProperties) = preSolution
		HideSolutionNode = FALSE
	EndGlobalSection
	GlobalSection(ExtensibilityGlobals) = postSolution
		SolutionGuid = {14729BF4-D178-48F7-9DAD-311DE6A0B10A}
	EndGlobalSection
EndGlobal
